// !$*UTF8*$!
{
	archiveVersion = 1;
	classes = {
	};
	objectVersion = 56;
	objects = {

/* Begin PBXBuildFile section */
		013E546317267C51AE5D856D /* Pods_ToDoAppStudyProject.framework in Frameworks */ = {isa = PBXBuildFile; fileRef = 7570AC6A4CE5EF4B9920C0E6 /* Pods_ToDoAppStudyProject.framework */; };
		E709D0012CBA84FD003EDE35 /* StopWatchViewController.swift in Sources */ = {isa = PBXBuildFile; fileRef = E709D0002CBA84FD003EDE35 /* StopWatchViewController.swift */; };
		E7182EB62C8DCBDD0087DD95 /* CustomTableViewCell.xib in Resources */ = {isa = PBXBuildFile; fileRef = E7182EB52C8DCBDD0087DD95 /* CustomTableViewCell.xib */; };
		E7182EB72C8DCBDD0087DD95 /* CustomTableViewCell.swift in Sources */ = {isa = PBXBuildFile; fileRef = E7182EB42C8DCBDD0087DD95 /* CustomTableViewCell.swift */; };
		E726B1EE2C9725FF003E2CF4 /* ExistedTaskViewController.swift in Sources */ = {isa = PBXBuildFile; fileRef = E726B1ED2C9725FF003E2CF4 /* ExistedTaskViewController.swift */; };
		E74BF6302CBA9FDC00E0893D /* UIView+Extension.swift in Sources */ = {isa = PBXBuildFile; fileRef = E74BF62F2CBA9FDC00E0893D /* UIView+Extension.swift */; };
		E76372922CBB071F00D31DDC /* FocusCell.swift in Sources */ = {isa = PBXBuildFile; fileRef = E76372912CBB071F00D31DDC /* FocusCell.swift */; };
		E76372942CBB0D3900D31DDC /* FocusCell.xib in Resources */ = {isa = PBXBuildFile; fileRef = E76372932CBB0D3900D31DDC /* FocusCell.xib */; };
		E7690BFE2C998810004F736D /* .gitignore in Resources */ = {isa = PBXBuildFile; fileRef = E7690BFD2C998810004F736D /* .gitignore */; };
		E76F484D2CB5724F008D59FB /* API.swift in Sources */ = {isa = PBXBuildFile; fileRef = E76F484C2CB5724F008D59FB /* API.swift */; };
		E77D81212CB80A40005B3D84 /* FocusViewController.swift in Sources */ = {isa = PBXBuildFile; fileRef = E77D81202CB80A40005B3D84 /* FocusViewController.swift */; };
		E77D81242CB80CE9005B3D84 /* UIColor+Extension.swift in Sources */ = {isa = PBXBuildFile; fileRef = E77D81232CB80CE9005B3D84 /* UIColor+Extension.swift */; };
		E7839B7C2CAFD2BA007D616D /* WheatherModel.swift in Sources */ = {isa = PBXBuildFile; fileRef = E7839B7B2CAFD2BA007D616D /* WheatherModel.swift */; };
		E7839B7E2CAFE8A1007D616D /* CalendarViewController.swift in Sources */ = {isa = PBXBuildFile; fileRef = E7839B7D2CAFE8A1007D616D /* CalendarViewController.swift */; };
		E7964A032C8C281C00DB6EEA /* AppDelegate.swift in Sources */ = {isa = PBXBuildFile; fileRef = E7964A022C8C281C00DB6EEA /* AppDelegate.swift */; };
		E7964A052C8C281C00DB6EEA /* SceneDelegate.swift in Sources */ = {isa = PBXBuildFile; fileRef = E7964A042C8C281C00DB6EEA /* SceneDelegate.swift */; };
		E7964A0A2C8C281C00DB6EEA /* Base in Resources */ = {isa = PBXBuildFile; fileRef = E7964A092C8C281C00DB6EEA /* Base */; };
		E7964A0C2C8C281E00DB6EEA /* Assets.xcassets in Resources */ = {isa = PBXBuildFile; fileRef = E7964A0B2C8C281E00DB6EEA /* Assets.xcassets */; };
		E7964A0F2C8C281E00DB6EEA /* Base in Resources */ = {isa = PBXBuildFile; fileRef = E7964A0E2C8C281E00DB6EEA /* Base */; };
		E7964A202C8C719200DB6EEA /* ToDoListViewController.swift in Sources */ = {isa = PBXBuildFile; fileRef = E7964A1F2C8C719200DB6EEA /* ToDoListViewController.swift */; };
		E7A7A6CF2C8C7E53003D925D /* TaskModel.swift in Sources */ = {isa = PBXBuildFile; fileRef = E7A7A6CE2C8C7E53003D925D /* TaskModel.swift */; };
		E7A7A6D32C8DA2C5003D925D /* Storage.swift in Sources */ = {isa = PBXBuildFile; fileRef = E7A7A6D22C8DA2C5003D925D /* Storage.swift */; };
		E7C433852CAE8DD50098234A /* WeatherViewController.swift in Sources */ = {isa = PBXBuildFile; fileRef = E7C433842CAE8DD50098234A /* WeatherViewController.swift */; };
		E7EE40482C9043C300156351 /* NewTaskViewController.swift in Sources */ = {isa = PBXBuildFile; fileRef = E7EE40472C9043C300156351 /* NewTaskViewController.swift */; };
		E7FB2B942CBC05AB002A57E4 /* FocusModel.swift in Sources */ = {isa = PBXBuildFile; fileRef = E7FB2B932CBC05AB002A57E4 /* FocusModel.swift */; };
/* End PBXBuildFile section */

/* Begin PBXFileReference section */
		139CE26D39D4DE507FA1453F /* Pods-ToDoAppStudyProject.debug.xcconfig */ = {isa = PBXFileReference; includeInIndex = 1; lastKnownFileType = text.xcconfig; name = "Pods-ToDoAppStudyProject.debug.xcconfig"; path = "Target Support Files/Pods-ToDoAppStudyProject/Pods-ToDoAppStudyProject.debug.xcconfig"; sourceTree = "<group>"; };
		4501C3B712DC7F677693834B /* Pods-ToDoAppStudyProject.release.xcconfig */ = {isa = PBXFileReference; includeInIndex = 1; lastKnownFileType = text.xcconfig; name = "Pods-ToDoAppStudyProject.release.xcconfig"; path = "Target Support Files/Pods-ToDoAppStudyProject/Pods-ToDoAppStudyProject.release.xcconfig"; sourceTree = "<group>"; };
		7570AC6A4CE5EF4B9920C0E6 /* Pods_ToDoAppStudyProject.framework */ = {isa = PBXFileReference; explicitFileType = wrapper.framework; includeInIndex = 0; path = Pods_ToDoAppStudyProject.framework; sourceTree = BUILT_PRODUCTS_DIR; };
		E709D0002CBA84FD003EDE35 /* StopWatchViewController.swift */ = {isa = PBXFileReference; lastKnownFileType = sourcecode.swift; path = StopWatchViewController.swift; sourceTree = "<group>"; };
		E7182EB42C8DCBDD0087DD95 /* CustomTableViewCell.swift */ = {isa = PBXFileReference; lastKnownFileType = sourcecode.swift; path = CustomTableViewCell.swift; sourceTree = "<group>"; };
		E7182EB52C8DCBDD0087DD95 /* CustomTableViewCell.xib */ = {isa = PBXFileReference; lastKnownFileType = file.xib; path = CustomTableViewCell.xib; sourceTree = "<group>"; };
		E726B1ED2C9725FF003E2CF4 /* ExistedTaskViewController.swift */ = {isa = PBXFileReference; lastKnownFileType = sourcecode.swift; path = ExistedTaskViewController.swift; sourceTree = "<group>"; };
		E74BF62F2CBA9FDC00E0893D /* UIView+Extension.swift */ = {isa = PBXFileReference; lastKnownFileType = sourcecode.swift; path = "UIView+Extension.swift"; sourceTree = "<group>"; };
		E76372912CBB071F00D31DDC /* FocusCell.swift */ = {isa = PBXFileReference; lastKnownFileType = sourcecode.swift; path = FocusCell.swift; sourceTree = "<group>"; };
		E76372932CBB0D3900D31DDC /* FocusCell.xib */ = {isa = PBXFileReference; lastKnownFileType = file.xib; path = FocusCell.xib; sourceTree = "<group>"; };
		E7690BFD2C998810004F736D /* .gitignore */ = {isa = PBXFileReference; lastKnownFileType = text; path = .gitignore; sourceTree = "<group>"; };
		E76F484C2CB5724F008D59FB /* API.swift */ = {isa = PBXFileReference; lastKnownFileType = sourcecode.swift; name = API.swift; path = /Users/ekaterinaisaeva/Desktop/IosDevelop/APPS/ToDoAppStudyProject/API.swift; sourceTree = "<absolute>"; };
		E77D81202CB80A40005B3D84 /* FocusViewController.swift */ = {isa = PBXFileReference; lastKnownFileType = sourcecode.swift; path = FocusViewController.swift; sourceTree = "<group>"; };
		E77D81232CB80CE9005B3D84 /* UIColor+Extension.swift */ = {isa = PBXFileReference; lastKnownFileType = sourcecode.swift; path = "UIColor+Extension.swift"; sourceTree = "<group>"; };
		E7839B7B2CAFD2BA007D616D /* WheatherModel.swift */ = {isa = PBXFileReference; lastKnownFileType = sourcecode.swift; path = WheatherModel.swift; sourceTree = "<group>"; };
		E7839B7D2CAFE8A1007D616D /* CalendarViewController.swift */ = {isa = PBXFileReference; fileEncoding = 4; lastKnownFileType = sourcecode.swift; name = CalendarViewController.swift; path = ToDoAppStudyProject/CalendarViewController.swift; sourceTree = "<group>"; };
		E79649FF2C8C281C00DB6EEA /* ToDoAppStudyProject.app */ = {isa = PBXFileReference; explicitFileType = wrapper.application; includeInIndex = 0; path = ToDoAppStudyProject.app; sourceTree = BUILT_PRODUCTS_DIR; };
		E7964A022C8C281C00DB6EEA /* AppDelegate.swift */ = {isa = PBXFileReference; lastKnownFileType = sourcecode.swift; path = AppDelegate.swift; sourceTree = "<group>"; };
		E7964A042C8C281C00DB6EEA /* SceneDelegate.swift */ = {isa = PBXFileReference; lastKnownFileType = sourcecode.swift; path = SceneDelegate.swift; sourceTree = "<group>"; };
		E7964A092C8C281C00DB6EEA /* Base */ = {isa = PBXFileReference; lastKnownFileType = file.storyboard; name = Base; path = Base.lproj/Main.storyboard; sourceTree = "<group>"; };
		E7964A0B2C8C281E00DB6EEA /* Assets.xcassets */ = {isa = PBXFileReference; lastKnownFileType = folder.assetcatalog; path = Assets.xcassets; sourceTree = "<group>"; };
		E7964A0E2C8C281E00DB6EEA /* Base */ = {isa = PBXFileReference; lastKnownFileType = file.storyboard; name = Base; path = Base.lproj/LaunchScreen.storyboard; sourceTree = "<group>"; };
		E7964A102C8C281E00DB6EEA /* Info.plist */ = {isa = PBXFileReference; lastKnownFileType = text.plist.xml; path = Info.plist; sourceTree = "<group>"; };
		E7964A1F2C8C719200DB6EEA /* ToDoListViewController.swift */ = {isa = PBXFileReference; lastKnownFileType = sourcecode.swift; path = ToDoListViewController.swift; sourceTree = "<group>"; };
		E7A7A6CE2C8C7E53003D925D /* TaskModel.swift */ = {isa = PBXFileReference; lastKnownFileType = sourcecode.swift; path = TaskModel.swift; sourceTree = "<group>"; };
		E7A7A6D22C8DA2C5003D925D /* Storage.swift */ = {isa = PBXFileReference; lastKnownFileType = sourcecode.swift; path = Storage.swift; sourceTree = "<group>"; };
		E7C433842CAE8DD50098234A /* WeatherViewController.swift */ = {isa = PBXFileReference; lastKnownFileType = sourcecode.swift; path = WeatherViewController.swift; sourceTree = "<group>"; };
		E7EE40472C9043C300156351 /* NewTaskViewController.swift */ = {isa = PBXFileReference; lastKnownFileType = sourcecode.swift; path = NewTaskViewController.swift; sourceTree = "<group>"; };
		E7FB2B932CBC05AB002A57E4 /* FocusModel.swift */ = {isa = PBXFileReference; lastKnownFileType = sourcecode.swift; path = FocusModel.swift; sourceTree = "<group>"; };
/* End PBXFileReference section */

/* Begin PBXFrameworksBuildPhase section */
		E79649FC2C8C281C00DB6EEA /* Frameworks */ = {
			isa = PBXFrameworksBuildPhase;
			buildActionMask = 2147483647;
			files = (
				013E546317267C51AE5D856D /* Pods_ToDoAppStudyProject.framework in Frameworks */,
			);
			runOnlyForDeploymentPostprocessing = 0;
		};
/* End PBXFrameworksBuildPhase section */

/* Begin PBXGroup section */
		411682F25E59DF8420002A70 /* Pods */ = {
			isa = PBXGroup;
			children = (
				139CE26D39D4DE507FA1453F /* Pods-ToDoAppStudyProject.debug.xcconfig */,
				4501C3B712DC7F677693834B /* Pods-ToDoAppStudyProject.release.xcconfig */,
			);
			path = Pods;
			sourceTree = "<group>";
		};
		E72CDD9D2CAF101D000B6254 /* MainPage */ = {
			isa = PBXGroup;
			children = (
				E7964A1F2C8C719200DB6EEA /* ToDoListViewController.swift */,
				E7EE40472C9043C300156351 /* NewTaskViewController.swift */,
				E726B1ED2C9725FF003E2CF4 /* ExistedTaskViewController.swift */,
				E7182EB42C8DCBDD0087DD95 /* CustomTableViewCell.swift */,
				E7839B7D2CAFE8A1007D616D /* CalendarViewController.swift */,
			);
			name = MainPage;
			path = ..;
			sourceTree = "<group>";
		};
		E72CDD9E2CAF105A000B6254 /* WeatherPage */ = {
			isa = PBXGroup;
			children = (
				E7839B7B2CAFD2BA007D616D /* WheatherModel.swift */,
				E7C433842CAE8DD50098234A /* WeatherViewController.swift */,
				E76F484C2CB5724F008D59FB /* API.swift */,
			);
			name = WeatherPage;
			path = ..;
			sourceTree = "<group>";
		};
		E74BF6312CBA9FE500E0893D /* Extensions  */ = {
			isa = PBXGroup;
			children = (
				E77D81232CB80CE9005B3D84 /* UIColor+Extension.swift */,
				E74BF62F2CBA9FDC00E0893D /* UIView+Extension.swift */,
			);
			path = "Extensions ";
			sourceTree = "<group>";
		};
		E77D81222CB80A58005B3D84 /* FocusPage */ = {
			isa = PBXGroup;
			children = (
				E77D81202CB80A40005B3D84 /* FocusViewController.swift */,
				E76372912CBB071F00D31DDC /* FocusCell.swift */,
				E709D0002CBA84FD003EDE35 /* StopWatchViewController.swift */,
			);
			path = FocusPage;
			sourceTree = "<group>";
		};
		E79649F62C8C281C00DB6EEA = {
			isa = PBXGroup;
			children = (
				E7964A012C8C281C00DB6EEA /* ToDoAppStudyProject */,
				E7964A002C8C281C00DB6EEA /* Products */,
				411682F25E59DF8420002A70 /* Pods */,
				FBDCAABC33E21A470859A5FA /* Frameworks */,
			);
			sourceTree = "<group>";
		};
		E7964A002C8C281C00DB6EEA /* Products */ = {
			isa = PBXGroup;
			children = (
				E79649FF2C8C281C00DB6EEA /* ToDoAppStudyProject.app */,
			);
			name = Products;
			sourceTree = "<group>";
		};
		E7964A012C8C281C00DB6EEA /* ToDoAppStudyProject */ = {
			isa = PBXGroup;
			children = (
				E7964A022C8C281C00DB6EEA /* AppDelegate.swift */,
				E7964A042C8C281C00DB6EEA /* SceneDelegate.swift */,
				E7A7A6CE2C8C7E53003D925D /* TaskModel.swift */,
				E7FB2B932CBC05AB002A57E4 /* FocusModel.swift */,
				E7A7A6D22C8DA2C5003D925D /* Storage.swift */,
				E74BF6312CBA9FE500E0893D /* Extensions  */,
				E72CDD9D2CAF101D000B6254 /* MainPage */,
				E72CDD9E2CAF105A000B6254 /* WeatherPage */,
				E77D81222CB80A58005B3D84 /* FocusPage */,
				E7964A082C8C281C00DB6EEA /* Main.storyboard */,
				E7182EB52C8DCBDD0087DD95 /* CustomTableViewCell.xib */,
				E76372932CBB0D3900D31DDC /* FocusCell.xib */,
				E7964A0D2C8C281E00DB6EEA /* LaunchScreen.storyboard */,
				E7964A0B2C8C281E00DB6EEA /* Assets.xcassets */,
				E7964A102C8C281E00DB6EEA /* Info.plist */,
				E7690BFD2C998810004F736D /* .gitignore */,
			);
			path = ToDoAppStudyProject;
			sourceTree = "<group>";
		};
		FBDCAABC33E21A470859A5FA /* Frameworks */ = {
			isa = PBXGroup;
			children = (
				7570AC6A4CE5EF4B9920C0E6 /* Pods_ToDoAppStudyProject.framework */,
			);
			name = Frameworks;
			sourceTree = "<group>";
		};
/* End PBXGroup section */

/* Begin PBXNativeTarget section */
		E79649FE2C8C281C00DB6EEA /* ToDoAppStudyProject */ = {
			isa = PBXNativeTarget;
			buildConfigurationList = E7964A132C8C281E00DB6EEA /* Build configuration list for PBXNativeTarget "ToDoAppStudyProject" */;
			buildPhases = (
				45EA53456B8305E877F74AAE /* [CP] Check Pods Manifest.lock */,
				E79649FB2C8C281C00DB6EEA /* Sources */,
				E79649FC2C8C281C00DB6EEA /* Frameworks */,
				E79649FD2C8C281C00DB6EEA /* Resources */,
				FDFFBBE4E0A3855636DB099F /* [CP] Embed Pods Frameworks */,
			);
			buildRules = (
			);
			dependencies = (
			);
			name = ToDoAppStudyProject;
			productName = ToDoAppStudyProject;
			productReference = E79649FF2C8C281C00DB6EEA /* ToDoAppStudyProject.app */;
			productType = "com.apple.product-type.application";
		};
/* End PBXNativeTarget section */

/* Begin PBXProject section */
		E79649F72C8C281C00DB6EEA /* Project object */ = {
			isa = PBXProject;
			attributes = {
				BuildIndependentTargetsInParallel = 1;
				LastSwiftUpdateCheck = 1540;
				LastUpgradeCheck = 1540;
				TargetAttributes = {
					E79649FE2C8C281C00DB6EEA = {
						CreatedOnToolsVersion = 15.4;
					};
				};
			};
			buildConfigurationList = E79649FA2C8C281C00DB6EEA /* Build configuration list for PBXProject "ToDoAppStudyProject" */;
			compatibilityVersion = "Xcode 14.0";
			developmentRegion = en;
			hasScannedForEncodings = 0;
			knownRegions = (
				en,
				Base,
			);
			mainGroup = E79649F62C8C281C00DB6EEA;
			productRefGroup = E7964A002C8C281C00DB6EEA /* Products */;
			projectDirPath = "";
			projectRoot = "";
			targets = (
				E79649FE2C8C281C00DB6EEA /* ToDoAppStudyProject */,
			);
		};
/* End PBXProject section */

/* Begin PBXResourcesBuildPhase section */
		E79649FD2C8C281C00DB6EEA /* Resources */ = {
			isa = PBXResourcesBuildPhase;
			buildActionMask = 2147483647;
			files = (
				E7690BFE2C998810004F736D /* .gitignore in Resources */,
				E7964A0C2C8C281E00DB6EEA /* Assets.xcassets in Resources */,
				E7964A0F2C8C281E00DB6EEA /* Base in Resources */,
				E7182EB62C8DCBDD0087DD95 /* CustomTableViewCell.xib in Resources */,
				E76372942CBB0D3900D31DDC /* FocusCell.xib in Resources */,
				E7964A0A2C8C281C00DB6EEA /* Base in Resources */,
			);
			runOnlyForDeploymentPostprocessing = 0;
		};
/* End PBXResourcesBuildPhase section */

/* Begin PBXShellScriptBuildPhase section */
		45EA53456B8305E877F74AAE /* [CP] Check Pods Manifest.lock */ = {
			isa = PBXShellScriptBuildPhase;
			buildActionMask = 2147483647;
			files = (
			);
			inputFileListPaths = (
			);
			inputPaths = (
				"${PODS_PODFILE_DIR_PATH}/Podfile.lock",
				"${PODS_ROOT}/Manifest.lock",
			);
			name = "[CP] Check Pods Manifest.lock";
			outputFileListPaths = (
			);
			outputPaths = (
				"$(DERIVED_FILE_DIR)/Pods-ToDoAppStudyProject-checkManifestLockResult.txt",
			);
			runOnlyForDeploymentPostprocessing = 0;
			shellPath = /bin/sh;
			shellScript = "diff \"${PODS_PODFILE_DIR_PATH}/Podfile.lock\" \"${PODS_ROOT}/Manifest.lock\" > /dev/null\nif [ $? != 0 ] ; then\n    # print error to STDERR\n    echo \"error: The sandbox is not in sync with the Podfile.lock. Run 'pod install' or update your CocoaPods installation.\" >&2\n    exit 1\nfi\n# This output is used by Xcode 'outputs' to avoid re-running this script phase.\necho \"SUCCESS\" > \"${SCRIPT_OUTPUT_FILE_0}\"\n";
			showEnvVarsInLog = 0;
		};
		FDFFBBE4E0A3855636DB099F /* [CP] Embed Pods Frameworks */ = {
			isa = PBXShellScriptBuildPhase;
			buildActionMask = 2147483647;
			files = (
			);
			inputFileListPaths = (
				"${PODS_ROOT}/Target Support Files/Pods-ToDoAppStudyProject/Pods-ToDoAppStudyProject-frameworks-${CONFIGURATION}-input-files.xcfilelist",
			);
			name = "[CP] Embed Pods Frameworks";
			outputFileListPaths = (
				"${PODS_ROOT}/Target Support Files/Pods-ToDoAppStudyProject/Pods-ToDoAppStudyProject-frameworks-${CONFIGURATION}-output-files.xcfilelist",
			);
			runOnlyForDeploymentPostprocessing = 0;
			shellPath = /bin/sh;
			shellScript = "\"${PODS_ROOT}/Target Support Files/Pods-ToDoAppStudyProject/Pods-ToDoAppStudyProject-frameworks.sh\"\n";
			showEnvVarsInLog = 0;
		};
/* End PBXShellScriptBuildPhase section */

/* Begin PBXSourcesBuildPhase section */
		E79649FB2C8C281C00DB6EEA /* Sources */ = {
			isa = PBXSourcesBuildPhase;
			buildActionMask = 2147483647;
			files = (
				E76372922CBB071F00D31DDC /* FocusCell.swift in Sources */,
				E7182EB72C8DCBDD0087DD95 /* CustomTableViewCell.swift in Sources */,
				E7C433852CAE8DD50098234A /* WeatherViewController.swift in Sources */,
				E74BF6302CBA9FDC00E0893D /* UIView+Extension.swift in Sources */,
				E77D81242CB80CE9005B3D84 /* UIColor+Extension.swift in Sources */,
				E77D81212CB80A40005B3D84 /* FocusViewController.swift in Sources */,
				E709D0012CBA84FD003EDE35 /* StopWatchViewController.swift in Sources */,
				E7964A202C8C719200DB6EEA /* ToDoListViewController.swift in Sources */,
				E7FB2B942CBC05AB002A57E4 /* FocusModel.swift in Sources */,
				E726B1EE2C9725FF003E2CF4 /* ExistedTaskViewController.swift in Sources */,
				E7839B7E2CAFE8A1007D616D /* CalendarViewController.swift in Sources */,
				E7EE40482C9043C300156351 /* NewTaskViewController.swift in Sources */,
				E7964A032C8C281C00DB6EEA /* AppDelegate.swift in Sources */,
				E7839B7C2CAFD2BA007D616D /* WheatherModel.swift in Sources */,
				E76F484D2CB5724F008D59FB /* API.swift in Sources */,
				E7A7A6CF2C8C7E53003D925D /* TaskModel.swift in Sources */,
				E7A7A6D32C8DA2C5003D925D /* Storage.swift in Sources */,
				E7964A052C8C281C00DB6EEA /* SceneDelegate.swift in Sources */,
			);
			runOnlyForDeploymentPostprocessing = 0;
		};
/* End PBXSourcesBuildPhase section */

/* Begin PBXVariantGroup section */
		E7964A082C8C281C00DB6EEA /* Main.storyboard */ = {
			isa = PBXVariantGroup;
			children = (
				E7964A092C8C281C00DB6EEA /* Base */,
			);
			name = Main.storyboard;
			sourceTree = "<group>";
		};
		E7964A0D2C8C281E00DB6EEA /* LaunchScreen.storyboard */ = {
			isa = PBXVariantGroup;
			children = (
				E7964A0E2C8C281E00DB6EEA /* Base */,
			);
			name = LaunchScreen.storyboard;
			sourceTree = "<group>";
		};
/* End PBXVariantGroup section */

/* Begin XCBuildConfiguration section */
		E7964A112C8C281E00DB6EEA /* Debug */ = {
			isa = XCBuildConfiguration;
			buildSettings = {
				ALWAYS_SEARCH_USER_PATHS = NO;
				ASSETCATALOG_COMPILER_GENERATE_SWIFT_ASSET_SYMBOL_EXTENSIONS = YES;
				CLANG_ANALYZER_NONNULL = YES;
				CLANG_ANALYZER_NUMBER_OBJECT_CONVERSION = YES_AGGRESSIVE;
				CLANG_CXX_LANGUAGE_STANDARD = "gnu++20";
				CLANG_ENABLE_MODULES = YES;
				CLANG_ENABLE_OBJC_ARC = YES;
				CLANG_ENABLE_OBJC_WEAK = YES;
				CLANG_WARN_BLOCK_CAPTURE_AUTORELEASING = YES;
				CLANG_WARN_BOOL_CONVERSION = YES;
				CLANG_WARN_COMMA = YES;
				CLANG_WARN_CONSTANT_CONVERSION = YES;
				CLANG_WARN_DEPRECATED_OBJC_IMPLEMENTATIONS = YES;
				CLANG_WARN_DIRECT_OBJC_ISA_USAGE = YES_ERROR;
				CLANG_WARN_DOCUMENTATION_COMMENTS = YES;
				CLANG_WARN_EMPTY_BODY = YES;
				CLANG_WARN_ENUM_CONVERSION = YES;
				CLANG_WARN_INFINITE_RECURSION = YES;
				CLANG_WARN_INT_CONVERSION = YES;
				CLANG_WARN_NON_LITERAL_NULL_CONVERSION = YES;
				CLANG_WARN_OBJC_IMPLICIT_RETAIN_SELF = YES;
				CLANG_WARN_OBJC_LITERAL_CONVERSION = YES;
				CLANG_WARN_OBJC_ROOT_CLASS = YES_ERROR;
				CLANG_WARN_QUOTED_INCLUDE_IN_FRAMEWORK_HEADER = YES;
				CLANG_WARN_RANGE_LOOP_ANALYSIS = YES;
				CLANG_WARN_STRICT_PROTOTYPES = YES;
				CLANG_WARN_SUSPICIOUS_MOVE = YES;
				CLANG_WARN_UNGUARDED_AVAILABILITY = YES_AGGRESSIVE;
				CLANG_WARN_UNREACHABLE_CODE = YES;
				CLANG_WARN__DUPLICATE_METHOD_MATCH = YES;
				COPY_PHASE_STRIP = NO;
				DEBUG_INFORMATION_FORMAT = dwarf;
				ENABLE_STRICT_OBJC_MSGSEND = YES;
				ENABLE_TESTABILITY = YES;
				ENABLE_USER_SCRIPT_SANDBOXING = NO;
				GCC_C_LANGUAGE_STANDARD = gnu17;
				GCC_DYNAMIC_NO_PIC = NO;
				GCC_NO_COMMON_BLOCKS = YES;
				GCC_OPTIMIZATION_LEVEL = 0;
				GCC_PREPROCESSOR_DEFINITIONS = (
					"DEBUG=1",
					"$(inherited)",
				);
				GCC_WARN_64_TO_32_BIT_CONVERSION = YES;
				GCC_WARN_ABOUT_RETURN_TYPE = YES_ERROR;
				GCC_WARN_UNDECLARED_SELECTOR = YES;
				GCC_WARN_UNINITIALIZED_AUTOS = YES_AGGRESSIVE;
				GCC_WARN_UNUSED_FUNCTION = YES;
				GCC_WARN_UNUSED_VARIABLE = YES;
				IPHONEOS_DEPLOYMENT_TARGET = 17.5;
				LOCALIZATION_PREFERS_STRING_CATALOGS = YES;
				MTL_ENABLE_DEBUG_INFO = INCLUDE_SOURCE;
				MTL_FAST_MATH = YES;
				ONLY_ACTIVE_ARCH = YES;
				SDKROOT = iphoneos;
				SWIFT_ACTIVE_COMPILATION_CONDITIONS = "DEBUG $(inherited)";
				SWIFT_OPTIMIZATION_LEVEL = "-Onone";
			};
			name = Debug;
		};
		E7964A122C8C281E00DB6EEA /* Release */ = {
			isa = XCBuildConfiguration;
			buildSettings = {
				ALWAYS_SEARCH_USER_PATHS = NO;
				ASSETCATALOG_COMPILER_GENERATE_SWIFT_ASSET_SYMBOL_EXTENSIONS = YES;
				CLANG_ANALYZER_NONNULL = YES;
				CLANG_ANALYZER_NUMBER_OBJECT_CONVERSION = YES_AGGRESSIVE;
				CLANG_CXX_LANGUAGE_STANDARD = "gnu++20";
				CLANG_ENABLE_MODULES = YES;
				CLANG_ENABLE_OBJC_ARC = YES;
				CLANG_ENABLE_OBJC_WEAK = YES;
				CLANG_WARN_BLOCK_CAPTURE_AUTORELEASING = YES;
				CLANG_WARN_BOOL_CONVERSION = YES;
				CLANG_WARN_COMMA = YES;
				CLANG_WARN_CONSTANT_CONVERSION = YES;
				CLANG_WARN_DEPRECATED_OBJC_IMPLEMENTATIONS = YES;
				CLANG_WARN_DIRECT_OBJC_ISA_USAGE = YES_ERROR;
				CLANG_WARN_DOCUMENTATION_COMMENTS = YES;
				CLANG_WARN_EMPTY_BODY = YES;
				CLANG_WARN_ENUM_CONVERSION = YES;
				CLANG_WARN_INFINITE_RECURSION = YES;
				CLANG_WARN_INT_CONVERSION = YES;
				CLANG_WARN_NON_LITERAL_NULL_CONVERSION = YES;
				CLANG_WARN_OBJC_IMPLICIT_RETAIN_SELF = YES;
				CLANG_WARN_OBJC_LITERAL_CONVERSION = YES;
				CLANG_WARN_OBJC_ROOT_CLASS = YES_ERROR;
				CLANG_WARN_QUOTED_INCLUDE_IN_FRAMEWORK_HEADER = YES;
				CLANG_WARN_RANGE_LOOP_ANALYSIS = YES;
				CLANG_WARN_STRICT_PROTOTYPES = YES;
				CLANG_WARN_SUSPICIOUS_MOVE = YES;
				CLANG_WARN_UNGUARDED_AVAILABILITY = YES_AGGRESSIVE;
				CLANG_WARN_UNREACHABLE_CODE = YES;
				CLANG_WARN__DUPLICATE_METHOD_MATCH = YES;
				COPY_PHASE_STRIP = NO;
				DEBUG_INFORMATION_FORMAT = "dwarf-with-dsym";
				ENABLE_NS_ASSERTIONS = NO;
				ENABLE_STRICT_OBJC_MSGSEND = YES;
				ENABLE_USER_SCRIPT_SANDBOXING = NO;
				GCC_C_LANGUAGE_STANDARD = gnu17;
				GCC_NO_COMMON_BLOCKS = YES;
				GCC_WARN_64_TO_32_BIT_CONVERSION = YES;
				GCC_WARN_ABOUT_RETURN_TYPE = YES_ERROR;
				GCC_WARN_UNDECLARED_SELECTOR = YES;
				GCC_WARN_UNINITIALIZED_AUTOS = YES_AGGRESSIVE;
				GCC_WARN_UNUSED_FUNCTION = YES;
				GCC_WARN_UNUSED_VARIABLE = YES;
				IPHONEOS_DEPLOYMENT_TARGET = 17.5;
				LOCALIZATION_PREFERS_STRING_CATALOGS = YES;
				MTL_ENABLE_DEBUG_INFO = NO;
				MTL_FAST_MATH = YES;
				SDKROOT = iphoneos;
				SWIFT_COMPILATION_MODE = wholemodule;
				VALIDATE_PRODUCT = YES;
			};
			name = Release;
		};
		E7964A142C8C281E00DB6EEA /* Debug */ = {
			isa = XCBuildConfiguration;
			baseConfigurationReference = 139CE26D39D4DE507FA1453F /* Pods-ToDoAppStudyProject.debug.xcconfig */;
			buildSettings = {
				ASSETCATALOG_COMPILER_APPICON_NAME = AppIcon;
				ASSETCATALOG_COMPILER_GLOBAL_ACCENT_COLOR_NAME = AccentColor;
				CODE_SIGN_STYLE = Automatic;
				CURRENT_PROJECT_VERSION = 1;
				DEVELOPMENT_TEAM = 5L4DJJBARY;
				GENERATE_INFOPLIST_FILE = YES;
				INFOPLIST_FILE = ToDoAppStudyProject/Info.plist;
				INFOPLIST_KEY_UIApplicationSupportsIndirectInputEvents = YES;
				INFOPLIST_KEY_UILaunchStoryboardName = LaunchScreen;
				INFOPLIST_KEY_UIMainStoryboardFile = Main;
				INFOPLIST_KEY_UISupportedInterfaceOrientations = UIInterfaceOrientationPortrait;
				INFOPLIST_KEY_UISupportedInterfaceOrientations_iPad = "UIInterfaceOrientationLandscapeLeft UIInterfaceOrientationLandscapeRight UIInterfaceOrientationPortrait UIInterfaceOrientationPortraitUpsideDown";
				LD_RUNPATH_SEARCH_PATHS = (
					"$(inherited)",
					"@executable_path/Frameworks",
				);
				MARKETING_VERSION = 1.0;
				PRODUCT_BUNDLE_IDENTIFIER = "com.and-catherine.ToDoAppStudyProject";
				PRODUCT_NAME = "$(TARGET_NAME)";
				SWIFT_EMIT_LOC_STRINGS = YES;
				SWIFT_VERSION = 5.0;
				TARGETED_DEVICE_FAMILY = "1,2";
			};
			name = Debug;
		};
		E7964A152C8C281E00DB6EEA /* Release */ = {
			isa = XCBuildConfiguration;
			baseConfigurationReference = 4501C3B712DC7F677693834B /* Pods-ToDoAppStudyProject.release.xcconfig */;
			buildSettings = {
				ASSETCATALOG_COMPILER_APPICON_NAME = AppIcon;
				ASSETCATALOG_COMPILER_GLOBAL_ACCENT_COLOR_NAME = AccentColor;
				CODE_SIGN_STYLE = Automatic;
				CURRENT_PROJECT_VERSION = 1;
				DEVELOPMENT_TEAM = 5L4DJJBARY;
				GENERATE_INFOPLIST_FILE = YES;
				INFOPLIST_FILE = ToDoAppStudyProject/Info.plist;
				INFOPLIST_KEY_UIApplicationSupportsIndirectInputEvents = YES;
				INFOPLIST_KEY_UILaunchStoryboardName = LaunchScreen;
				INFOPLIST_KEY_UIMainStoryboardFile = Main;
				INFOPLIST_KEY_UISupportedInterfaceOrientations = UIInterfaceOrientationPortrait;
				INFOPLIST_KEY_UISupportedInterfaceOrientations_iPad = "UIInterfaceOrientationLandscapeLeft UIInterfaceOrientationLandscapeRight UIInterfaceOrientationPortrait UIInterfaceOrientationPortraitUpsideDown";
				LD_RUNPATH_SEARCH_PATHS = (
					"$(inherited)",
					"@executable_path/Frameworks",
				);
				MARKETING_VERSION = 1.0;
				PRODUCT_BUNDLE_IDENTIFIER = "com.and-catherine.ToDoAppStudyProject";
				PRODUCT_NAME = "$(TARGET_NAME)";
				SWIFT_EMIT_LOC_STRINGS = YES;
				SWIFT_VERSION = 5.0;
				TARGETED_DEVICE_FAMILY = "1,2";
			};
			name = Release;
		};
/* End XCBuildConfiguration section */

/* Begin XCConfigurationList section */
		E79649FA2C8C281C00DB6EEA /* Build configuration list for PBXProject "ToDoAppStudyProject" */ = {
			isa = XCConfigurationList;
			buildConfigurations = (
				E7964A112C8C281E00DB6EEA /* Debug */,
				E7964A122C8C281E00DB6EEA /* Release */,
			);
			defaultConfigurationIsVisible = 0;
			defaultConfigurationName = Release;
		};
		E7964A132C8C281E00DB6EEA /* Build configuration list for PBXNativeTarget "ToDoAppStudyProject" */ = {
			isa = XCConfigurationList;
			buildConfigurations = (
				E7964A142C8C281E00DB6EEA /* Debug */,
				E7964A152C8C281E00DB6EEA /* Release */,
			);
			defaultConfigurationIsVisible = 0;
			defaultConfigurationName = Release;
		};
/* End XCConfigurationList section */
	};
	rootObject = E79649F72C8C281C00DB6EEA /* Project object */;
}
